
Microsoft Visual Studio Solution File, Format Version 12.00
# Visual Studio Version 17
VisualStudioVersion = 17.2.32630.192
MinimumVisualStudioVersion = 10.0.40219.1
Project("{FAE04EC0-301F-11D3-BF4B-00C04F79EFBC}") = "MyProject2", "MyProject2\MyProject2.csproj", "{DFDA4BF1-42B4-4ABD-BEFA-230CDBDECDD8}"
EndProject
Global
	GlobalSection(SolutionConfigurationPlatforms) = preSolution
		Debug|Any CPU = Debug|Any CPU
		Release|Any CPU = Release|Any CPU
	EndGlobalSection
	GlobalSection(ProjectConfigurationPlatforms) = postSolution
		{DFDA4BF1-42B4-4ABD-BEFA-230CDBDECDD8}.Debug|Any CPU.ActiveCfg = Debug|Any CPU
		{DFDA4BF1-42B4-4ABD-BEFA-230CDBDECDD8}.Debug|Any CPU.Build.0 = Debug|Any CPU
		{DFDA4BF1-42B4-4ABD-BEFA-230CDBDECDD8}.Release|Any CPU.ActiveCfg = Release|Any CPU
		{DFDA4BF1-42B4-4ABD-BEFA-230CDBDECDD8}.Release|Any CPU.Build.0 = Release|Any CPU
	EndGlobalSection
	GlobalSection(SolutionProperties) = preSolution
		HideSolutionNode = FALSE
	EndGlobalSection
	GlobalSection(ExtensibilityGlobals) = postSolution
		SolutionGuid = {1DC0BAB9-FD4D-4B66-97FA-4D7B9AD82FFD}
	EndGlobalSection
EndGlobal
